
Microsoft Visual Studio Solution File, Format Version 12.00
# Visual Studio Version 16
VisualStudioVersion = 16.0.31613.86
MinimumVisualStudioVersion = 10.0.40219.1
Project("{FAE04EC0-301F-11D3-BF4B-00C04F79EFBC}") = "onthi", "onthi\onthi.csproj", "{3414A708-8BA3-405D-80E2-6E6097D7A59C}"
EndProject
Global
	GlobalSection(SolutionConfigurationPlatforms) = preSolution
		Debug|Any CPU = Debug|Any CPU
		Release|Any CPU = Release|Any CPU
	EndGlobalSection
	GlobalSection(ProjectConfigurationPlatforms) = postSolution
		{3414A708-8BA3-405D-80E2-6E6097D7A59C}.Debug|Any CPU.ActiveCfg = Debug|Any CPU
		{3414A708-8BA3-405D-80E2-6E6097D7A59C}.Debug|Any CPU.Build.0 = Debug|Any CPU
		{3414A708-8BA3-405D-80E2-6E6097D7A59C}.Release|Any CPU.ActiveCfg = Release|Any CPU
		{3414A708-8BA3-405D-80E2-6E6097D7A59C}.Release|Any CPU.Build.0 = Release|Any CPU
	EndGlobalSection
	GlobalSection(SolutionProperties) = preSolution
		HideSolutionNode = FALSE
	EndGlobalSection
	GlobalSection(ExtensibilityGlobals) = postSolution
		SolutionGuid = {6CA76A4E-6C55-481A-AF8F-FB8B9821A445}
	EndGlobalSection
EndGlobal
